// !$*UTF8*$!
{
	archiveVersion = 1;
	classes = {
	};
	objectVersion = 56;
	objects = {

/* Begin PBXBuildFile section */
		64CF4CA72A5FDF1900401FB8 /* _2_swift_messengerApp.swift in Sources */ = {isa = PBXBuildFile; fileRef = 64CF4CA62A5FDF1900401FB8 /* _2_swift_messengerApp.swift */; };
		64CF4CA92A5FDF1900401FB8 /* RootView.swift in Sources */ = {isa = PBXBuildFile; fileRef = 64CF4CA82A5FDF1900401FB8 /* RootView.swift */; };
		64CF4CAB2A5FDF1B00401FB8 /* Assets.xcassets in Resources */ = {isa = PBXBuildFile; fileRef = 64CF4CAA2A5FDF1B00401FB8 /* Assets.xcassets */; };
		64CF4CAF2A5FDF1B00401FB8 /* Preview Assets.xcassets in Resources */ = {isa = PBXBuildFile; fileRef = 64CF4CAE2A5FDF1B00401FB8 /* Preview Assets.xcassets */; };
		64CF4CBE2A5FE18000401FB8 /* LexendDeca-Regular.ttf in Resources */ = {isa = PBXBuildFile; fileRef = 64CF4CBB2A5FE18000401FB8 /* LexendDeca-Regular.ttf */; };
		64CF4CBF2A5FE18000401FB8 /* LexendDeca-Bold.ttf in Resources */ = {isa = PBXBuildFile; fileRef = 64CF4CBC2A5FE18000401FB8 /* LexendDeca-Bold.ttf */; };
		64CF4CC02A5FE18000401FB8 /* LexendDeca-SemiBold.ttf in Resources */ = {isa = PBXBuildFile; fileRef = 64CF4CBD2A5FE18000401FB8 /* LexendDeca-SemiBold.ttf */; };
		64CF4CC22A5FE3BB00401FB8 /* Fonts.swift in Sources */ = {isa = PBXBuildFile; fileRef = 64CF4CC12A5FE3BB00401FB8 /* Fonts.swift */; };
/* End PBXBuildFile section */

/* Begin PBXFileReference section */
		64CF4CA32A5FDF1900401FB8 /* 12-swift-messenger.app */ = {isa = PBXFileReference; explicitFileType = wrapper.application; includeInIndex = 0; path = "12-swift-messenger.app"; sourceTree = BUILT_PRODUCTS_DIR; };
		64CF4CA62A5FDF1900401FB8 /* _2_swift_messengerApp.swift */ = {isa = PBXFileReference; lastKnownFileType = sourcecode.swift; path = _2_swift_messengerApp.swift; sourceTree = "<group>"; };
		64CF4CA82A5FDF1900401FB8 /* RootView.swift */ = {isa = PBXFileReference; lastKnownFileType = sourcecode.swift; path = RootView.swift; sourceTree = "<group>"; };
		64CF4CAA2A5FDF1B00401FB8 /* Assets.xcassets */ = {isa = PBXFileReference; lastKnownFileType = folder.assetcatalog; path = Assets.xcassets; sourceTree = "<group>"; };
		64CF4CAC2A5FDF1B00401FB8 /* _2_swift_messenger.entitlements */ = {isa = PBXFileReference; lastKnownFileType = text.plist.entitlements; path = _2_swift_messenger.entitlements; sourceTree = "<group>"; };
		64CF4CAE2A5FDF1B00401FB8 /* Preview Assets.xcassets */ = {isa = PBXFileReference; lastKnownFileType = folder.assetcatalog; path = "Preview Assets.xcassets"; sourceTree = "<group>"; };
		64CF4CBB2A5FE18000401FB8 /* LexendDeca-Regular.ttf */ = {isa = PBXFileReference; lastKnownFileType = file; path = "LexendDeca-Regular.ttf"; sourceTree = "<group>"; };
		64CF4CBC2A5FE18000401FB8 /* LexendDeca-Bold.ttf */ = {isa = PBXFileReference; lastKnownFileType = file; path = "LexendDeca-Bold.ttf"; sourceTree = "<group>"; };
		64CF4CBD2A5FE18000401FB8 /* LexendDeca-SemiBold.ttf */ = {isa = PBXFileReference; lastKnownFileType = file; path = "LexendDeca-SemiBold.ttf"; sourceTree = "<group>"; };
		64CF4CC12A5FE3BB00401FB8 /* Fonts.swift */ = {isa = PBXFileReference; lastKnownFileType = sourcecode.swift; path = Fonts.swift; sourceTree = "<group>"; };
		64CF4CC32A5FE45600401FB8 /* -2-swift-messenger-Info.plist */ = {isa = PBXFileReference; lastKnownFileType = text.plist; path = "-2-swift-messenger-Info.plist"; sourceTree = SOURCE_ROOT; };
/* End PBXFileReference section */

/* Begin PBXFrameworksBuildPhase section */
		64CF4CA02A5FDF1900401FB8 /* Frameworks */ = {
			isa = PBXFrameworksBuildPhase;
			buildActionMask = 2147483647;
			files = (
			);
			runOnlyForDeploymentPostprocessing = 0;
		};
/* End PBXFrameworksBuildPhase section */

/* Begin PBXGroup section */
		64CF4C9A2A5FDF1900401FB8 = {
			isa = PBXGroup;
			children = (
				64CF4CA52A5FDF1900401FB8 /* 12-swift-messenger */,
				64CF4CA42A5FDF1900401FB8 /* Products */,
			);
			sourceTree = "<group>";
		};
		64CF4CA42A5FDF1900401FB8 /* Products */ = {
			isa = PBXGroup;
			children = (
				64CF4CA32A5FDF1900401FB8 /* 12-swift-messenger.app */,
			);
			name = Products;
			sourceTree = "<group>";
		};
		64CF4CA52A5FDF1900401FB8 /* 12-swift-messenger */ = {
			isa = PBXGroup;
			children = (
				64CF4CC32A5FE45600401FB8 /* -2-swift-messenger-Info.plist */,
				64CF4CA62A5FDF1900401FB8 /* _2_swift_messengerApp.swift */,
				64CF4CBA2A5FE04400401FB8 /* Views */,
				64CF4CB92A5FE03D00401FB8 /* ViewModels */,
				64CF4CB82A5FE03800401FB8 /* Models */,
				64CF4CB72A5FE03200401FB8 /* Services */,
				64CF4CB62A5FE02D00401FB8 /* Helpers */,
				64CF4CB52A5FE02600401FB8 /* Fonts */,
				64CF4CAA2A5FDF1B00401FB8 /* Assets.xcassets */,
				64CF4CAC2A5FDF1B00401FB8 /* _2_swift_messenger.entitlements */,
				64CF4CAD2A5FDF1B00401FB8 /* Preview Content */,
			);
			path = "12-swift-messenger";
			sourceTree = "<group>";
		};
		64CF4CAD2A5FDF1B00401FB8 /* Preview Content */ = {
			isa = PBXGroup;
			children = (
				64CF4CAE2A5FDF1B00401FB8 /* Preview Assets.xcassets */,
			);
			path = "Preview Content";
			sourceTree = "<group>";
		};
		64CF4CB52A5FE02600401FB8 /* Fonts */ = {
			isa = PBXGroup;
			children = (
				64CF4CBC2A5FE18000401FB8 /* LexendDeca-Bold.ttf */,
				64CF4CBB2A5FE18000401FB8 /* LexendDeca-Regular.ttf */,
				64CF4CBD2A5FE18000401FB8 /* LexendDeca-SemiBold.ttf */,
			);
			path = Fonts;
			sourceTree = "<group>";
		};
		64CF4CB62A5FE02D00401FB8 /* Helpers */ = {
			isa = PBXGroup;
			children = (
				64CF4CC12A5FE3BB00401FB8 /* Fonts.swift */,
			);
			path = Helpers;
			sourceTree = "<group>";
		};
		64CF4CB72A5FE03200401FB8 /* Services */ = {
			isa = PBXGroup;
			children = (
			);
			path = Services;
			sourceTree = "<group>";
		};
		64CF4CB82A5FE03800401FB8 /* Models */ = {
			isa = PBXGroup;
			children = (
			);
			path = Models;
			sourceTree = "<group>";
		};
		64CF4CB92A5FE03D00401FB8 /* ViewModels */ = {
			isa = PBXGroup;
			children = (
			);
			path = ViewModels;
			sourceTree = "<group>";
		};
		64CF4CBA2A5FE04400401FB8 /* Views */ = {
			isa = PBXGroup;
			children = (
				64CF4CA82A5FDF1900401FB8 /* RootView.swift */,
			);
			path = Views;
			sourceTree = "<group>";
		};
/* End PBXGroup section */

/* Begin PBXNativeTarget section */
		64CF4CA22A5FDF1900401FB8 /* 12-swift-messenger */ = {
			isa = PBXNativeTarget;
			buildConfigurationList = 64CF4CB22A5FDF1B00401FB8 /* Build configuration list for PBXNativeTarget "12-swift-messenger" */;
			buildPhases = (
				64CF4C9F2A5FDF1900401FB8 /* Sources */,
				64CF4CA02A5FDF1900401FB8 /* Frameworks */,
				64CF4CA12A5FDF1900401FB8 /* Resources */,
			);
			buildRules = (
			);
			dependencies = (
			);
			name = "12-swift-messenger";
			productName = "12-swift-messenger";
			productReference = 64CF4CA32A5FDF1900401FB8 /* 12-swift-messenger.app */;
			productType = "com.apple.product-type.application";
		};
/* End PBXNativeTarget section */

/* Begin PBXProject section */
		64CF4C9B2A5FDF1900401FB8 /* Project object */ = {
			isa = PBXProject;
			attributes = {
				BuildIndependentTargetsInParallel = 1;
				LastSwiftUpdateCheck = 1420;
				LastUpgradeCheck = 1420;
				TargetAttributes = {
					64CF4CA22A5FDF1900401FB8 = {
						CreatedOnToolsVersion = 14.2;
					};
				};
			};
			buildConfigurationList = 64CF4C9E2A5FDF1900401FB8 /* Build configuration list for PBXProject "12-swift-messenger" */;
			compatibilityVersion = "Xcode 14.0";
			developmentRegion = en;
			hasScannedForEncodings = 0;
			knownRegions = (
				en,
				Base,
			);
			mainGroup = 64CF4C9A2A5FDF1900401FB8;
			productRefGroup = 64CF4CA42A5FDF1900401FB8 /* Products */;
			projectDirPath = "";
			projectRoot = "";
			targets = (
				64CF4CA22A5FDF1900401FB8 /* 12-swift-messenger */,
			);
		};
/* End PBXProject section */

/* Begin PBXResourcesBuildPhase section */
		64CF4CA12A5FDF1900401FB8 /* Resources */ = {
			isa = PBXResourcesBuildPhase;
			buildActionMask = 2147483647;
			files = (
				64CF4CAF2A5FDF1B00401FB8 /* Preview Assets.xcassets in Resources */,
				64CF4CBE2A5FE18000401FB8 /* LexendDeca-Regular.ttf in Resources */,
				64CF4CC02A5FE18000401FB8 /* LexendDeca-SemiBold.ttf in Resources */,
				64CF4CBF2A5FE18000401FB8 /* LexendDeca-Bold.ttf in Resources */,
				64CF4CAB2A5FDF1B00401FB8 /* Assets.xcassets in Resources */,
			);
			runOnlyForDeploymentPostprocessing = 0;
		};
/* End PBXResourcesBuildPhase section */

/* Begin PBXSourcesBuildPhase section */
		64CF4C9F2A5FDF1900401FB8 /* Sources */ = {
			isa = PBXSourcesBuildPhase;
			buildActionMask = 2147483647;
			files = (
				64CF4CA92A5FDF1900401FB8 /* RootView.swift in Sources */,
				64CF4CC22A5FE3BB00401FB8 /* Fonts.swift in Sources */,
				64CF4CA72A5FDF1900401FB8 /* _2_swift_messengerApp.swift in Sources */,
			);
			runOnlyForDeploymentPostprocessing = 0;
		};
/* End PBXSourcesBuildPhase section */

/* Begin XCBuildConfiguration section */
		64CF4CB02A5FDF1B00401FB8 /* Debug */ = {
			isa = XCBuildConfiguration;
			buildSettings = {
				ALWAYS_SEARCH_USER_PATHS = NO;
				CLANG_ANALYZER_NONNULL = YES;
				CLANG_ANALYZER_NUMBER_OBJECT_CONVERSION = YES_AGGRESSIVE;
				CLANG_CXX_LANGUAGE_STANDARD = "gnu++20";
				CLANG_ENABLE_MODULES = YES;
				CLANG_ENABLE_OBJC_ARC = YES;
				CLANG_ENABLE_OBJC_WEAK = YES;
				CLANG_WARN_BLOCK_CAPTURE_AUTORELEASING = YES;
				CLANG_WARN_BOOL_CONVERSION = YES;
				CLANG_WARN_COMMA = YES;
				CLANG_WARN_CONSTANT_CONVERSION = YES;
				CLANG_WARN_DEPRECATED_OBJC_IMPLEMENTATIONS = YES;
				CLANG_WARN_DIRECT_OBJC_ISA_USAGE = YES_ERROR;
				CLANG_WARN_DOCUMENTATION_COMMENTS = YES;
				CLANG_WARN_EMPTY_BODY = YES;
				CLANG_WARN_ENUM_CONVERSION = YES;
				CLANG_WARN_INFINITE_RECURSION = YES;
				CLANG_WARN_INT_CONVERSION = YES;
				CLANG_WARN_NON_LITERAL_NULL_CONVERSION = YES;
				CLANG_WARN_OBJC_IMPLICIT_RETAIN_SELF = YES;
				CLANG_WARN_OBJC_LITERAL_CONVERSION = YES;
				CLANG_WARN_OBJC_ROOT_CLASS = YES_ERROR;
				CLANG_WARN_QUOTED_INCLUDE_IN_FRAMEWORK_HEADER = YES;
				CLANG_WARN_RANGE_LOOP_ANALYSIS = YES;
				CLANG_WARN_STRICT_PROTOTYPES = YES;
				CLANG_WARN_SUSPICIOUS_MOVE = YES;
				CLANG_WARN_UNGUARDED_AVAILABILITY = YES_AGGRESSIVE;
				CLANG_WARN_UNREACHABLE_CODE = YES;
				CLANG_WARN__DUPLICATE_METHOD_MATCH = YES;
				COPY_PHASE_STRIP = NO;
				DEBUG_INFORMATION_FORMAT = dwarf;
				ENABLE_STRICT_OBJC_MSGSEND = YES;
				ENABLE_TESTABILITY = YES;
				GCC_C_LANGUAGE_STANDARD = gnu11;
				GCC_DYNAMIC_NO_PIC = NO;
				GCC_NO_COMMON_BLOCKS = YES;
				GCC_OPTIMIZATION_LEVEL = 0;
				GCC_PREPROCESSOR_DEFINITIONS = (
					"DEBUG=1",
					"$(inherited)",
				);
				GCC_WARN_64_TO_32_BIT_CONVERSION = YES;
				GCC_WARN_ABOUT_RETURN_TYPE = YES_ERROR;
				GCC_WARN_UNDECLARED_SELECTOR = YES;
				GCC_WARN_UNINITIALIZED_AUTOS = YES_AGGRESSIVE;
				GCC_WARN_UNUSED_FUNCTION = YES;
				GCC_WARN_UNUSED_VARIABLE = YES;
				MTL_ENABLE_DEBUG_INFO = INCLUDE_SOURCE;
				MTL_FAST_MATH = YES;
				ONLY_ACTIVE_ARCH = YES;
				SWIFT_ACTIVE_COMPILATION_CONDITIONS = DEBUG;
				SWIFT_OPTIMIZATION_LEVEL = "-Onone";
			};
			name = Debug;
		};
		64CF4CB12A5FDF1B00401FB8 /* Release */ = {
			isa = XCBuildConfiguration;
			buildSettings = {
				ALWAYS_SEARCH_USER_PATHS = NO;
				CLANG_ANALYZER_NONNULL = YES;
				CLANG_ANALYZER_NUMBER_OBJECT_CONVERSION = YES_AGGRESSIVE;
				CLANG_CXX_LANGUAGE_STANDARD = "gnu++20";
				CLANG_ENABLE_MODULES = YES;
				CLANG_ENABLE_OBJC_ARC = YES;
				CLANG_ENABLE_OBJC_WEAK = YES;
				CLANG_WARN_BLOCK_CAPTURE_AUTORELEASING = YES;
				CLANG_WARN_BOOL_CONVERSION = YES;
				CLANG_WARN_COMMA = YES;
				CLANG_WARN_CONSTANT_CONVERSION = YES;
				CLANG_WARN_DEPRECATED_OBJC_IMPLEMENTATIONS = YES;
				CLANG_WARN_DIRECT_OBJC_ISA_USAGE = YES_ERROR;
				CLANG_WARN_DOCUMENTATION_COMMENTS = YES;
				CLANG_WARN_EMPTY_BODY = YES;
				CLANG_WARN_ENUM_CONVERSION = YES;
				CLANG_WARN_INFINITE_RECURSION = YES;
				CLANG_WARN_INT_CONVERSION = YES;
				CLANG_WARN_NON_LITERAL_NULL_CONVERSION = YES;
				CLANG_WARN_OBJC_IMPLICIT_RETAIN_SELF = YES;
				CLANG_WARN_OBJC_LITERAL_CONVERSION = YES;
				CLANG_WARN_OBJC_ROOT_CLASS = YES_ERROR;
				CLANG_WARN_QUOTED_INCLUDE_IN_FRAMEWORK_HEADER = YES;
				CLANG_WARN_RANGE_LOOP_ANALYSIS = YES;
				CLANG_WARN_STRICT_PROTOTYPES = YES;
				CLANG_WARN_SUSPICIOUS_MOVE = YES;
				CLANG_WARN_UNGUARDED_AVAILABILITY = YES_AGGRESSIVE;
				CLANG_WARN_UNREACHABLE_CODE = YES;
				CLANG_WARN__DUPLICATE_METHOD_MATCH = YES;
				COPY_PHASE_STRIP = NO;
				DEBUG_INFORMATION_FORMAT = "dwarf-with-dsym";
				ENABLE_NS_ASSERTIONS = NO;
				ENABLE_STRICT_OBJC_MSGSEND = YES;
				GCC_C_LANGUAGE_STANDARD = gnu11;
				GCC_NO_COMMON_BLOCKS = YES;
				GCC_WARN_64_TO_32_BIT_CONVERSION = YES;
				GCC_WARN_ABOUT_RETURN_TYPE = YES_ERROR;
				GCC_WARN_UNDECLARED_SELECTOR = YES;
				GCC_WARN_UNINITIALIZED_AUTOS = YES_AGGRESSIVE;
				GCC_WARN_UNUSED_FUNCTION = YES;
				GCC_WARN_UNUSED_VARIABLE = YES;
				MTL_ENABLE_DEBUG_INFO = NO;
				MTL_FAST_MATH = YES;
				SWIFT_COMPILATION_MODE = wholemodule;
				SWIFT_OPTIMIZATION_LEVEL = "-O";
			};
			name = Release;
		};
		64CF4CB32A5FDF1B00401FB8 /* Debug */ = {
			isa = XCBuildConfiguration;
			buildSettings = {
				ASSETCATALOG_COMPILER_APPICON_NAME = AppIcon;
				ASSETCATALOG_COMPILER_GLOBAL_ACCENT_COLOR_NAME = AccentColor;
				CODE_SIGN_ENTITLEMENTS = "12-swift-messenger/_2_swift_messenger.entitlements";
				CODE_SIGN_STYLE = Automatic;
				CURRENT_PROJECT_VERSION = 1;
				DEVELOPMENT_ASSET_PATHS = "\"12-swift-messenger/Preview Content\"";
				ENABLE_PREVIEWS = YES;
				GENERATE_INFOPLIST_FILE = YES;
				INFOPLIST_FILE = "-2-swift-messenger-Info.plist";
				"INFOPLIST_KEY_UIApplicationSceneManifest_Generation[sdk=iphoneos*]" = YES;
				"INFOPLIST_KEY_UIApplicationSceneManifest_Generation[sdk=iphonesimulator*]" = YES;
				"INFOPLIST_KEY_UIApplicationSupportsIndirectInputEvents[sdk=iphoneos*]" = YES;
				"INFOPLIST_KEY_UIApplicationSupportsIndirectInputEvents[sdk=iphonesimulator*]" = YES;
				"INFOPLIST_KEY_UILaunchScreen_Generation[sdk=iphoneos*]" = YES;
				"INFOPLIST_KEY_UILaunchScreen_Generation[sdk=iphonesimulator*]" = YES;
				"INFOPLIST_KEY_UIStatusBarStyle[sdk=iphoneos*]" = UIStatusBarStyleDefault;
				"INFOPLIST_KEY_UIStatusBarStyle[sdk=iphonesimulator*]" = UIStatusBarStyleDefault;
				INFOPLIST_KEY_UISupportedInterfaceOrientations_iPad = "UIInterfaceOrientationPortrait UIInterfaceOrientationPortraitUpsideDown UIInterfaceOrientationLandscapeLeft UIInterfaceOrientationLandscapeRight";
				INFOPLIST_KEY_UISupportedInterfaceOrientations_iPhone = "UIInterfaceOrientationPortrait UIInterfaceOrientationLandscapeLeft UIInterfaceOrientationLandscapeRight";
				IPHONEOS_DEPLOYMENT_TARGET = 16.2;
				LD_RUNPATH_SEARCH_PATHS = "@executable_path/Frameworks";
				"LD_RUNPATH_SEARCH_PATHS[sdk=macosx*]" = "@executable_path/../Frameworks";
				MACOSX_DEPLOYMENT_TARGET = 12.6;
				MARKETING_VERSION = 1.0;
				PRODUCT_BUNDLE_IDENTIFIER = "ai.cherrypick.-2-swift-messenger";
				PRODUCT_NAME = "$(TARGET_NAME)";
				SDKROOT = auto;
				SUPPORTED_PLATFORMS = "iphoneos iphonesimulator macosx";
				SWIFT_EMIT_LOC_STRINGS = YES;
				SWIFT_VERSION = 5.0;
				TARGETED_DEVICE_FAMILY = "1,2";
			};
			name = Debug;
		};
		64CF4CB42A5FDF1B00401FB8 /* Release */ = {
			isa = XCBuildConfiguration;
			buildSettings = {
				ASSETCATALOG_COMPILER_APPICON_NAME = AppIcon;
				ASSETCATALOG_COMPILER_GLOBAL_ACCENT_COLOR_NAME = AccentColor;
				CODE_SIGN_ENTITLEMENTS = "12-swift-messenger/_2_swift_messenger.entitlements";
				CODE_SIGN_STYLE = Automatic;
				CURRENT_PROJECT_VERSION = 1;
				DEVELOPMENT_ASSET_PATHS = "\"12-swift-messenger/Preview Content\"";
				ENABLE_PREVIEWS = YES;
				GENERATE_INFOPLIST_FILE = YES;
				INFOPLIST_FILE = "-2-swift-messenger-Info.plist";
				"INFOPLIST_KEY_UIApplicationSceneManifest_Generation[sdk=iphoneos*]" = YES;
				"INFOPLIST_KEY_UIApplicationSceneManifest_Generation[sdk=iphonesimulator*]" = YES;
				"INFOPLIST_KEY_UIApplicationSupportsIndirectInputEvents[sdk=iphoneos*]" = YES;
				"INFOPLIST_KEY_UIApplicationSupportsIndirectInputEvents[sdk=iphonesimulator*]" = YES;
				"INFOPLIST_KEY_UILaunchScreen_Generation[sdk=iphoneos*]" = YES;
				"INFOPLIST_KEY_UILaunchScreen_Generation[sdk=iphonesimulator*]" = YES;
				"INFOPLIST_KEY_UIStatusBarStyle[sdk=iphoneos*]" = UIStatusBarStyleDefault;
				"INFOPLIST_KEY_UIStatusBarStyle[sdk=iphonesimulator*]" = UIStatusBarStyleDefault;
				INFOPLIST_KEY_UISupportedInterfaceOrientations_iPad = "UIInterfaceOrientationPortrait UIInterfaceOrientationPortraitUpsideDown UIInterfaceOrientationLandscapeLeft UIInterfaceOrientationLandscapeRight";
				INFOPLIST_KEY_UISupportedInterfaceOrientations_iPhone = "UIInterfaceOrientationPortrait UIInterfaceOrientationLandscapeLeft UIInterfaceOrientationLandscapeRight";
				IPHONEOS_DEPLOYMENT_TARGET = 16.2;
				LD_RUNPATH_SEARCH_PATHS = "@executable_path/Frameworks";
				"LD_RUNPATH_SEARCH_PATHS[sdk=macosx*]" = "@executable_path/../Frameworks";
				MACOSX_DEPLOYMENT_TARGET = 12.6;
				MARKETING_VERSION = 1.0;
				PRODUCT_BUNDLE_IDENTIFIER = "ai.cherrypick.-2-swift-messenger";
				PRODUCT_NAME = "$(TARGET_NAME)";
				SDKROOT = auto;
				SUPPORTED_PLATFORMS = "iphoneos iphonesimulator macosx";
				SWIFT_EMIT_LOC_STRINGS = YES;
				SWIFT_VERSION = 5.0;
				TARGETED_DEVICE_FAMILY = "1,2";
			};
			name = Release;
		};
/* End XCBuildConfiguration section */

/* Begin XCConfigurationList section */
		64CF4C9E2A5FDF1900401FB8 /* Build configuration list for PBXProject "12-swift-messenger" */ = {
			isa = XCConfigurationList;
			buildConfigurations = (
				64CF4CB02A5FDF1B00401FB8 /* Debug */,
				64CF4CB12A5FDF1B00401FB8 /* Release */,
			);
			defaultConfigurationIsVisible = 0;
			defaultConfigurationName = Release;
		};
		64CF4CB22A5FDF1B00401FB8 /* Build configuration list for PBXNativeTarget "12-swift-messenger" */ = {
			isa = XCConfigurationList;
			buildConfigurations = (
				64CF4CB32A5FDF1B00401FB8 /* Debug */,
				64CF4CB42A5FDF1B00401FB8 /* Release */,
			);
			defaultConfigurationIsVisible = 0;
			defaultConfigurationName = Release;
		};
/* End XCConfigurationList section */
	};
	rootObject = 64CF4C9B2A5FDF1900401FB8 /* Project object */;
}
